
Microsoft Visual Studio Solution File, Format Version 12.00
# Visual Studio Version 17
VisualStudioVersion = 17.0.32014.148
MinimumVisualStudioVersion = 10.0.40219.1
Project("{FAE04EC0-301F-11D3-BF4B-00C04F79EFBC}") = "DisconnectedEnvironment", "DisconnectedEnvironment\DisconnectedEnvironment.csproj", "{4D7AA044-4417-4697-BF37-D42EEDEFCD38}"
EndProject
Global
	GlobalSection(SolutionConfigurationPlatforms) = preSolution
		Debug|Any CPU = Debug|Any CPU
		Release|Any CPU = Release|Any CPU
	EndGlobalSection
	GlobalSection(ProjectConfigurationPlatforms) = postSolution
		{4D7AA044-4417-4697-BF37-D42EEDEFCD38}.Debug|Any CPU.ActiveCfg = Debug|Any CPU
		{4D7AA044-4417-4697-BF37-D42EEDEFCD38}.Debug|Any CPU.Build.0 = Debug|Any CPU
		{4D7AA044-4417-4697-BF37-D42EEDEFCD38}.Release|Any CPU.ActiveCfg = Release|Any CPU
		{4D7AA044-4417-4697-BF37-D42EEDEFCD38}.Release|Any CPU.Build.0 = Release|Any CPU
	EndGlobalSection
	GlobalSection(SolutionProperties) = preSolution
		HideSolutionNode = FALSE
	EndGlobalSection
	GlobalSection(ExtensibilityGlobals) = postSolution
		SolutionGuid = {6314CF35-4798-459E-93EC-8202F23A8085}
	EndGlobalSection
EndGlobal
